
Microsoft Visual Studio Solution File, Format Version 12.00
# Visual Studio Version 17
VisualStudioVersion = 17.4.33213.308
MinimumVisualStudioVersion = 10.0.40219.1
Project("{9A19103F-16F7-4668-BE54-9A1E7A4F7556}") = "ConsoleApp", "ConsoleApp\ConsoleApp.csproj", "{887FF616-DB47-49D8-BAEE-2DBCD4B4CE83}"
EndProject
Project("{9A19103F-16F7-4668-BE54-9A1E7A4F7556}") = "ConsoleApp.Tests", "ConsoleApp.Tests\ConsoleApp.Tests.csproj", "{679C80AA-482E-4C29-8787-67014FAF494A}"
EndProject
Global
	GlobalSection(SolutionConfigurationPlatforms) = preSolution
		Debug|Any CPU = Debug|Any CPU
		Release|Any CPU = Release|Any CPU
	EndGlobalSection
	GlobalSection(ProjectConfigurationPlatforms) = postSolution
		{887FF616-DB47-49D8-BAEE-2DBCD4B4CE83}.Debug|Any CPU.ActiveCfg = Debug|Any CPU
		{887FF616-DB47-49D8-BAEE-2DBCD4B4CE83}.Debug|Any CPU.Build.0 = Debug|Any CPU
		{887FF616-DB47-49D8-BAEE-2DBCD4B4CE83}.Release|Any CPU.ActiveCfg = Release|Any CPU
		{887FF616-DB47-49D8-BAEE-2DBCD4B4CE83}.Release|Any CPU.Build.0 = Release|Any CPU
		{679C80AA-482E-4C29-8787-67014FAF494A}.Debug|Any CPU.ActiveCfg = Debug|Any CPU
		{679C80AA-482E-4C29-8787-67014FAF494A}.Debug|Any CPU.Build.0 = Debug|Any CPU
		{679C80AA-482E-4C29-8787-67014FAF494A}.Release|Any CPU.ActiveCfg = Release|Any CPU
		{679C80AA-482E-4C29-8787-67014FAF494A}.Release|Any CPU.Build.0 = Release|Any CPU
	EndGlobalSection
	GlobalSection(SolutionProperties) = preSolution
		HideSolutionNode = FALSE
	EndGlobalSection
	GlobalSection(ExtensibilityGlobals) = postSolution
		SolutionGuid = {A2C61E61-D257-49A9-8C3B-42457E90BE60}
	EndGlobalSection
EndGlobal
