
Microsoft Visual Studio Solution File, Format Version 12.00
# Visual Studio Version 17
VisualStudioVersion = 17.4.33213.308
MinimumVisualStudioVersion = 10.0.40219.1
Project("{9A19103F-16F7-4668-BE54-9A1E7A4F7556}") = "ConsoleApp", "src\ConsoleApp\ConsoleApp.csproj", "{6770AC64-A2D3-49AD-B038-091A49A89DCB}"
EndProject
Project("{9A19103F-16F7-4668-BE54-9A1E7A4F7556}") = "ConsoleApp.Tests", "tests\ConsoleApp.Tests\ConsoleApp.Tests.csproj", "{69C06A4F-A7B6-413F-B3D2-20E6D580C899}"
EndProject
Global
	GlobalSection(SolutionConfigurationPlatforms) = preSolution
		Debug|Any CPU = Debug|Any CPU
		Release|Any CPU = Release|Any CPU
	EndGlobalSection
	GlobalSection(ProjectConfigurationPlatforms) = postSolution
		{6770AC64-A2D3-49AD-B038-091A49A89DCB}.Debug|Any CPU.ActiveCfg = Debug|Any CPU
		{6770AC64-A2D3-49AD-B038-091A49A89DCB}.Debug|Any CPU.Build.0 = Debug|Any CPU
		{6770AC64-A2D3-49AD-B038-091A49A89DCB}.Release|Any CPU.ActiveCfg = Release|Any CPU
		{6770AC64-A2D3-49AD-B038-091A49A89DCB}.Release|Any CPU.Build.0 = Release|Any CPU
		{69C06A4F-A7B6-413F-B3D2-20E6D580C899}.Debug|Any CPU.ActiveCfg = Debug|Any CPU
		{69C06A4F-A7B6-413F-B3D2-20E6D580C899}.Debug|Any CPU.Build.0 = Debug|Any CPU
		{69C06A4F-A7B6-413F-B3D2-20E6D580C899}.Release|Any CPU.ActiveCfg = Release|Any CPU
		{69C06A4F-A7B6-413F-B3D2-20E6D580C899}.Release|Any CPU.Build.0 = Release|Any CPU
	EndGlobalSection
	GlobalSection(SolutionProperties) = preSolution
		HideSolutionNode = FALSE
	EndGlobalSection
	GlobalSection(ExtensibilityGlobals) = postSolution
		SolutionGuid = {A2C61E61-D257-49A9-8C3B-42457E90BE60}
	EndGlobalSection
EndGlobal
